// !$*UTF8*$!
{
	archiveVersion = 1;
	classes = {
	};
	objectVersion = 46;
	objects = {

/* Begin PBXBuildFile section */
		147A4C681F21389200DD8D1F /* STDetailViewController.m in Sources */ = {isa = PBXBuildFile; fileRef = 147A4C671F21389200DD8D1F /* STDetailViewController.m */; };
		14E91D601F1F98FD00A2654E /* main.m in Sources */ = {isa = PBXBuildFile; fileRef = 14E91D5F1F1F98FD00A2654E /* main.m */; };
		14E91D631F1F98FD00A2654E /* AppDelegate.m in Sources */ = {isa = PBXBuildFile; fileRef = 14E91D621F1F98FD00A2654E /* AppDelegate.m */; };
		14E91D691F1F98FD00A2654E /* Main.storyboard in Resources */ = {isa = PBXBuildFile; fileRef = 14E91D671F1F98FD00A2654E /* Main.storyboard */; };
		14E91D6B1F1F98FD00A2654E /* Assets.xcassets in Resources */ = {isa = PBXBuildFile; fileRef = 14E91D6A1F1F98FD00A2654E /* Assets.xcassets */; };
		14E91D771F1F9ADF00A2654E /* LaunchScreen.storyboard in Resources */ = {isa = PBXBuildFile; fileRef = 14E91D751F1F9ADF00A2654E /* LaunchScreen.storyboard */; };
		14F22B691F1F9D2C00D5D442 /* STTabBarViewController.m in Sources */ = {isa = PBXBuildFile; fileRef = 14F22B681F1F9D2C00D5D442 /* STTabBarViewController.m */; };
		14F22B6C1F1FAFE200D5D442 /* STStudentNameViewController.m in Sources */ = {isa = PBXBuildFile; fileRef = 14F22B6B1F1FAFE200D5D442 /* STStudentNameViewController.m */; };
		14F22B6F1F1FB00E00D5D442 /* STSubjectTableViewController.m in Sources */ = {isa = PBXBuildFile; fileRef = 14F22B6E1F1FB00E00D5D442 /* STSubjectTableViewController.m */; };
		14F22B751F1FB23400D5D442 /* Students.m in Sources */ = {isa = PBXBuildFile; fileRef = 14F22B741F1FB23400D5D442 /* Students.m */; };
		14F22B771F1FB31D00D5D442 /* AddStudentsViewController.m in Sources */ = {isa = PBXBuildFile; fileRef = 14F22B761F1FB31D00D5D442 /* AddStudentsViewController.m */; };
		14F22B791F1FB59F00D5D442 /* AddStudentsViewController.xib in Resources */ = {isa = PBXBuildFile; fileRef = 14F22B781F1FB59F00D5D442 /* AddStudentsViewController.xib */; };
		14F22B7C1F1FBCB900D5D442 /* libsqlite3.tbd in Frameworks */ = {isa = PBXBuildFile; fileRef = 14F22B7B1F1FBCB900D5D442 /* libsqlite3.tbd */; };
		14F22B891F1FBDE400D5D442 /* FMDatabase.m in Sources */ = {isa = PBXBuildFile; fileRef = 14F22B7F1F1FBDE400D5D442 /* FMDatabase.m */; };
		14F22B8A1F1FBDE400D5D442 /* FMDatabaseAdditions.m in Sources */ = {isa = PBXBuildFile; fileRef = 14F22B811F1FBDE400D5D442 /* FMDatabaseAdditions.m */; };
		14F22B8B1F1FBDE400D5D442 /* FMDatabasePool.m in Sources */ = {isa = PBXBuildFile; fileRef = 14F22B831F1FBDE400D5D442 /* FMDatabasePool.m */; };
		14F22B8C1F1FBDE400D5D442 /* FMDatabaseQueue.m in Sources */ = {isa = PBXBuildFile; fileRef = 14F22B851F1FBDE400D5D442 /* FMDatabaseQueue.m */; };
		14F22B8D1F1FBDE400D5D442 /* FMResultSet.m in Sources */ = {isa = PBXBuildFile; fileRef = 14F22B881F1FBDE400D5D442 /* FMResultSet.m */; };
/* End PBXBuildFile section */

/* Begin PBXFileReference section */
		147A4C661F21389200DD8D1F /* STDetailViewController.h */ = {isa = PBXFileReference; fileEncoding = 4; lastKnownFileType = sourcecode.c.h; path = STDetailViewController.h; sourceTree = "<group>"; };
		147A4C671F21389200DD8D1F /* STDetailViewController.m */ = {isa = PBXFileReference; fileEncoding = 4; lastKnownFileType = sourcecode.c.objc; path = STDetailViewController.m; sourceTree = "<group>"; };
		14E91D5B1F1F98FD00A2654E /* Student.app */ = {isa = PBXFileReference; explicitFileType = wrapper.application; includeInIndex = 0; path = Student.app; sourceTree = BUILT_PRODUCTS_DIR; };
		14E91D5F1F1F98FD00A2654E /* main.m */ = {isa = PBXFileReference; lastKnownFileType = sourcecode.c.objc; path = main.m; sourceTree = "<group>"; };
		14E91D611F1F98FD00A2654E /* AppDelegate.h */ = {isa = PBXFileReference; lastKnownFileType = sourcecode.c.h; path = AppDelegate.h; sourceTree = "<group>"; };
		14E91D621F1F98FD00A2654E /* AppDelegate.m */ = {isa = PBXFileReference; lastKnownFileType = sourcecode.c.objc; path = AppDelegate.m; sourceTree = "<group>"; };
		14E91D681F1F98FD00A2654E /* Base */ = {isa = PBXFileReference; lastKnownFileType = file.storyboard; name = Base; path = Base.lproj/Main.storyboard; sourceTree = "<group>"; };
		14E91D6A1F1F98FD00A2654E /* Assets.xcassets */ = {isa = PBXFileReference; lastKnownFileType = folder.assetcatalog; path = Assets.xcassets; sourceTree = "<group>"; };
		14E91D6F1F1F98FD00A2654E /* Info.plist */ = {isa = PBXFileReference; lastKnownFileType = text.plist.xml; path = Info.plist; sourceTree = "<group>"; };
		14E91D761F1F9ADF00A2654E /* Base */ = {isa = PBXFileReference; lastKnownFileType = file.storyboard; name = Base; path = Base.lproj/LaunchScreen.storyboard; sourceTree = "<group>"; };
		14F22B671F1F9D2C00D5D442 /* STTabBarViewController.h */ = {isa = PBXFileReference; fileEncoding = 4; lastKnownFileType = sourcecode.c.h; path = STTabBarViewController.h; sourceTree = "<group>"; };
		14F22B681F1F9D2C00D5D442 /* STTabBarViewController.m */ = {isa = PBXFileReference; fileEncoding = 4; lastKnownFileType = sourcecode.c.objc; path = STTabBarViewController.m; sourceTree = "<group>"; };
		14F22B6A1F1FAFE200D5D442 /* STStudentNameViewController.h */ = {isa = PBXFileReference; fileEncoding = 4; lastKnownFileType = sourcecode.c.h; path = STStudentNameViewController.h; sourceTree = "<group>"; };
		14F22B6B1F1FAFE200D5D442 /* STStudentNameViewController.m */ = {isa = PBXFileReference; fileEncoding = 4; lastKnownFileType = sourcecode.c.objc; path = STStudentNameViewController.m; sourceTree = "<group>"; };
		14F22B6D1F1FB00E00D5D442 /* STSubjectTableViewController.h */ = {isa = PBXFileReference; fileEncoding = 4; lastKnownFileType = sourcecode.c.h; path = STSubjectTableViewController.h; sourceTree = "<group>"; };
		14F22B6E1F1FB00E00D5D442 /* STSubjectTableViewController.m */ = {isa = PBXFileReference; fileEncoding = 4; lastKnownFileType = sourcecode.c.objc; path = STSubjectTableViewController.m; sourceTree = "<group>"; };
		14F22B701F1FB1F300D5D442 /* AddStudentsViewController.h */ = {isa = PBXFileReference; fileEncoding = 4; lastKnownFileType = sourcecode.c.h; path = AddStudentsViewController.h; sourceTree = "<group>"; };
		14F22B731F1FB23400D5D442 /* Students.h */ = {isa = PBXFileReference; fileEncoding = 4; lastKnownFileType = sourcecode.c.h; path = Students.h; sourceTree = "<group>"; };
		14F22B741F1FB23400D5D442 /* Students.m */ = {isa = PBXFileReference; fileEncoding = 4; lastKnownFileType = sourcecode.c.objc; path = Students.m; sourceTree = "<group>"; };
		14F22B761F1FB31D00D5D442 /* AddStudentsViewController.m */ = {isa = PBXFileReference; fileEncoding = 4; lastKnownFileType = sourcecode.c.objc; path = AddStudentsViewController.m; sourceTree = "<group>"; };
		14F22B781F1FB59F00D5D442 /* AddStudentsViewController.xib */ = {isa = PBXFileReference; fileEncoding = 4; lastKnownFileType = file.xib; path = AddStudentsViewController.xib; sourceTree = "<group>"; };
		14F22B7B1F1FBCB900D5D442 /* libsqlite3.tbd */ = {isa = PBXFileReference; lastKnownFileType = "sourcecode.text-based-dylib-definition"; name = libsqlite3.tbd; path = usr/lib/libsqlite3.tbd; sourceTree = SDKROOT; };
		14F22B7E1F1FBDE400D5D442 /* FMDatabase.h */ = {isa = PBXFileReference; fileEncoding = 4; lastKnownFileType = sourcecode.c.h; path = FMDatabase.h; sourceTree = "<group>"; };
		14F22B7F1F1FBDE400D5D442 /* FMDatabase.m */ = {isa = PBXFileReference; fileEncoding = 4; lastKnownFileType = sourcecode.c.objc; path = FMDatabase.m; sourceTree = "<group>"; };
		14F22B801F1FBDE400D5D442 /* FMDatabaseAdditions.h */ = {isa = PBXFileReference; fileEncoding = 4; lastKnownFileType = sourcecode.c.h; path = FMDatabaseAdditions.h; sourceTree = "<group>"; };
		14F22B811F1FBDE400D5D442 /* FMDatabaseAdditions.m */ = {isa = PBXFileReference; fileEncoding = 4; lastKnownFileType = sourcecode.c.objc; path = FMDatabaseAdditions.m; sourceTree = "<group>"; };
		14F22B821F1FBDE400D5D442 /* FMDatabasePool.h */ = {isa = PBXFileReference; fileEncoding = 4; lastKnownFileType = sourcecode.c.h; path = FMDatabasePool.h; sourceTree = "<group>"; };
		14F22B831F1FBDE400D5D442 /* FMDatabasePool.m */ = {isa = PBXFileReference; fileEncoding = 4; lastKnownFileType = sourcecode.c.objc; path = FMDatabasePool.m; sourceTree = "<group>"; };
		14F22B841F1FBDE400D5D442 /* FMDatabaseQueue.h */ = {isa = PBXFileReference; fileEncoding = 4; lastKnownFileType = sourcecode.c.h; path = FMDatabaseQueue.h; sourceTree = "<group>"; };
		14F22B851F1FBDE400D5D442 /* FMDatabaseQueue.m */ = {isa = PBXFileReference; fileEncoding = 4; lastKnownFileType = sourcecode.c.objc; path = FMDatabaseQueue.m; sourceTree = "<group>"; };
		14F22B861F1FBDE400D5D442 /* FMDB.h */ = {isa = PBXFileReference; fileEncoding = 4; lastKnownFileType = sourcecode.c.h; path = FMDB.h; sourceTree = "<group>"; };
		14F22B871F1FBDE400D5D442 /* FMResultSet.h */ = {isa = PBXFileReference; fileEncoding = 4; lastKnownFileType = sourcecode.c.h; path = FMResultSet.h; sourceTree = "<group>"; };
		14F22B881F1FBDE400D5D442 /* FMResultSet.m */ = {isa = PBXFileReference; fileEncoding = 4; lastKnownFileType = sourcecode.c.objc; path = FMResultSet.m; sourceTree = "<group>"; };
/* End PBXFileReference section */

/* Begin PBXFrameworksBuildPhase section */
		14E91D581F1F98FD00A2654E /* Frameworks */ = {
			isa = PBXFrameworksBuildPhase;
			buildActionMask = 2147483647;
			files = (
				14F22B7C1F1FBCB900D5D442 /* libsqlite3.tbd in Frameworks */,
			);
			runOnlyForDeploymentPostprocessing = 0;
		};
/* End PBXFrameworksBuildPhase section */

/* Begin PBXGroup section */
		14E91D521F1F98FD00A2654E = {
			isa = PBXGroup;
			children = (
				14E91D5D1F1F98FD00A2654E /* Student */,
				14E91D5C1F1F98FD00A2654E /* Products */,
				14F22B7A1F1FBCB900D5D442 /* Frameworks */,
			);
			sourceTree = "<group>";
		};
		14E91D5C1F1F98FD00A2654E /* Products */ = {
			isa = PBXGroup;
			children = (
				14E91D5B1F1F98FD00A2654E /* Student.app */,
			);
			name = Products;
			sourceTree = "<group>";
		};
		14E91D5D1F1F98FD00A2654E /* Student */ = {
			isa = PBXGroup;
			children = (
				14F22B7D1F1FBDE400D5D442 /* fmdb */,
				14F22B781F1FB59F00D5D442 /* AddStudentsViewController.xib */,
				14F22B761F1FB31D00D5D442 /* AddStudentsViewController.m */,
				14F22B701F1FB1F300D5D442 /* AddStudentsViewController.h */,
				14F22B731F1FB23400D5D442 /* Students.h */,
				14F22B741F1FB23400D5D442 /* Students.m */,
				14E91D751F1F9ADF00A2654E /* LaunchScreen.storyboard */,
				14E91D611F1F98FD00A2654E /* AppDelegate.h */,
				14E91D621F1F98FD00A2654E /* AppDelegate.m */,
				14E91D671F1F98FD00A2654E /* Main.storyboard */,
				14E91D6A1F1F98FD00A2654E /* Assets.xcassets */,
				14E91D6F1F1F98FD00A2654E /* Info.plist */,
				14F22B6A1F1FAFE200D5D442 /* STStudentNameViewController.h */,
				14F22B6B1F1FAFE200D5D442 /* STStudentNameViewController.m */,
				14F22B6D1F1FB00E00D5D442 /* STSubjectTableViewController.h */,
				14F22B6E1F1FB00E00D5D442 /* STSubjectTableViewController.m */,
				147A4C661F21389200DD8D1F /* STDetailViewController.h */,
				147A4C671F21389200DD8D1F /* STDetailViewController.m */,
				14E91D5E1F1F98FD00A2654E /* Supporting Files */,
			);
			path = Student;
			sourceTree = "<group>";
		};
		14E91D5E1F1F98FD00A2654E /* Supporting Files */ = {
			isa = PBXGroup;
			children = (
				14E91D5F1F1F98FD00A2654E /* main.m */,
				14F22B671F1F9D2C00D5D442 /* STTabBarViewController.h */,
				14F22B681F1F9D2C00D5D442 /* STTabBarViewController.m */,
			);
			name = "Supporting Files";
			sourceTree = "<group>";
		};
		14F22B7A1F1FBCB900D5D442 /* Frameworks */ = {
			isa = PBXGroup;
			children = (
				14F22B7B1F1FBCB900D5D442 /* libsqlite3.tbd */,
			);
			name = Frameworks;
			sourceTree = "<group>";
		};
		14F22B7D1F1FBDE400D5D442 /* fmdb */ = {
			isa = PBXGroup;
			children = (
				14F22B7E1F1FBDE400D5D442 /* FMDatabase.h */,
				14F22B7F1F1FBDE400D5D442 /* FMDatabase.m */,
				14F22B801F1FBDE400D5D442 /* FMDatabaseAdditions.h */,
				14F22B811F1FBDE400D5D442 /* FMDatabaseAdditions.m */,
				14F22B821F1FBDE400D5D442 /* FMDatabasePool.h */,
				14F22B831F1FBDE400D5D442 /* FMDatabasePool.m */,
				14F22B841F1FBDE400D5D442 /* FMDatabaseQueue.h */,
				14F22B851F1FBDE400D5D442 /* FMDatabaseQueue.m */,
				14F22B861F1FBDE400D5D442 /* FMDB.h */,
				14F22B871F1FBDE400D5D442 /* FMResultSet.h */,
				14F22B881F1FBDE400D5D442 /* FMResultSet.m */,
			);
			path = fmdb;
			sourceTree = "<group>";
		};
/* End PBXGroup section */

/* Begin PBXNativeTarget section */
		14E91D5A1F1F98FD00A2654E /* Student */ = {
			isa = PBXNativeTarget;
			buildConfigurationList = 14E91D721F1F98FD00A2654E /* Build configuration list for PBXNativeTarget "Student" */;
			buildPhases = (
				14E91D571F1F98FD00A2654E /* Sources */,
				14E91D581F1F98FD00A2654E /* Frameworks */,
				14E91D591F1F98FD00A2654E /* Resources */,
			);
			buildRules = (
			);
			dependencies = (
			);
			name = Student;
			productName = Student;
			productReference = 14E91D5B1F1F98FD00A2654E /* Student.app */;
			productType = "com.apple.product-type.application";
		};
/* End PBXNativeTarget section */

/* Begin PBXProject section */
		14E91D531F1F98FD00A2654E /* Project object */ = {
			isa = PBXProject;
			attributes = {
				LastUpgradeCheck = 0830;
				ORGANIZATIONNAME = "jele lam";
				TargetAttributes = {
					14E91D5A1F1F98FD00A2654E = {
						CreatedOnToolsVersion = 8.3.3;
						DevelopmentTeam = 6SLD7TW6TA;
						ProvisioningStyle = Automatic;
					};
				};
			};
			buildConfigurationList = 14E91D561F1F98FD00A2654E /* Build configuration list for PBXProject "Student" */;
			compatibilityVersion = "Xcode 3.2";
			developmentRegion = English;
			hasScannedForEncodings = 0;
			knownRegions = (
				en,
				Base,
			);
			mainGroup = 14E91D521F1F98FD00A2654E;
			productRefGroup = 14E91D5C1F1F98FD00A2654E /* Products */;
			projectDirPath = "";
			projectRoot = "";
			targets = (
				14E91D5A1F1F98FD00A2654E /* Student */,
			);
		};
/* End PBXProject section */

/* Begin PBXResourcesBuildPhase section */
		14E91D591F1F98FD00A2654E /* Resources */ = {
			isa = PBXResourcesBuildPhase;
			buildActionMask = 2147483647;
			files = (
				14E91D771F1F9ADF00A2654E /* LaunchScreen.storyboard in Resources */,
				14F22B791F1FB59F00D5D442 /* AddStudentsViewController.xib in Resources */,
				14E91D6B1F1F98FD00A2654E /* Assets.xcassets in Resources */,
				14E91D691F1F98FD00A2654E /* Main.storyboard in Resources */,
			);
			runOnlyForDeploymentPostprocessing = 0;
		};
/* End PBXResourcesBuildPhase section */

/* Begin PBXSourcesBuildPhase section */
		14E91D571F1F98FD00A2654E /* Sources */ = {
			isa = PBXSourcesBuildPhase;
			buildActionMask = 2147483647;
			files = (
				14F22B771F1FB31D00D5D442 /* AddStudentsViewController.m in Sources */,
				14F22B6C1F1FAFE200D5D442 /* STStudentNameViewController.m in Sources */,
				14F22B691F1F9D2C00D5D442 /* STTabBarViewController.m in Sources */,
				14E91D631F1F98FD00A2654E /* AppDelegate.m in Sources */,
				14F22B6F1F1FB00E00D5D442 /* STSubjectTableViewController.m in Sources */,
				14F22B8A1F1FBDE400D5D442 /* FMDatabaseAdditions.m in Sources */,
				14F22B8D1F1FBDE400D5D442 /* FMResultSet.m in Sources */,
				14E91D601F1F98FD00A2654E /* main.m in Sources */,
				14F22B8B1F1FBDE400D5D442 /* FMDatabasePool.m in Sources */,
				14F22B8C1F1FBDE400D5D442 /* FMDatabaseQueue.m in Sources */,
				14F22B751F1FB23400D5D442 /* Students.m in Sources */,
				147A4C681F21389200DD8D1F /* STDetailViewController.m in Sources */,
				14F22B891F1FBDE400D5D442 /* FMDatabase.m in Sources */,
			);
			runOnlyForDeploymentPostprocessing = 0;
		};
/* End PBXSourcesBuildPhase section */

/* Begin PBXVariantGroup section */
		14E91D671F1F98FD00A2654E /* Main.storyboard */ = {
			isa = PBXVariantGroup;
			children = (
				14E91D681F1F98FD00A2654E /* Base */,
			);
			name = Main.storyboard;
			sourceTree = "<group>";
		};
		14E91D751F1F9ADF00A2654E /* LaunchScreen.storyboard */ = {
			isa = PBXVariantGroup;
			children = (
				14E91D761F1F9ADF00A2654E /* Base */,
			);
			name = LaunchScreen.storyboard;
			sourceTree = "<group>";
		};
/* End PBXVariantGroup section */

/* Begin XCBuildConfiguration section */
		14E91D701F1F98FD00A2654E /* Debug */ = {
			isa = XCBuildConfiguration;
			buildSettings = {
				ALWAYS_SEARCH_USER_PATHS = NO;
				CLANG_ANALYZER_NONNULL = YES;
				CLANG_ANALYZER_NUMBER_OBJECT_CONVERSION = YES_AGGRESSIVE;
				CLANG_CXX_LANGUAGE_STANDARD = "gnu++0x";
				CLANG_CXX_LIBRARY = "libc++";
				CLANG_ENABLE_MODULES = YES;
				CLANG_ENABLE_OBJC_ARC = YES;
				CLANG_WARN_BOOL_CONVERSION = YES;
				CLANG_WARN_CONSTANT_CONVERSION = YES;
				CLANG_WARN_DIRECT_OBJC_ISA_USAGE = YES_ERROR;
				CLANG_WARN_DOCUMENTATION_COMMENTS = YES;
				CLANG_WARN_EMPTY_BODY = YES;
				CLANG_WARN_ENUM_CONVERSION = YES;
				CLANG_WARN_INFINITE_RECURSION = YES;
				CLANG_WARN_INT_CONVERSION = YES;
				CLANG_WARN_OBJC_ROOT_CLASS = YES_ERROR;
				CLANG_WARN_SUSPICIOUS_MOVE = YES;
				CLANG_WARN_UNREACHABLE_CODE = YES;
				CLANG_WARN__DUPLICATE_METHOD_MATCH = YES;
				"CODE_SIGN_IDENTITY[sdk=iphoneos*]" = "iPhone Developer";
				COPY_PHASE_STRIP = NO;
				DEBUG_INFORMATION_FORMAT = dwarf;
				ENABLE_STRICT_OBJC_MSGSEND = YES;
				ENABLE_TESTABILITY = YES;
				GCC_C_LANGUAGE_STANDARD = gnu99;
				GCC_DYNAMIC_NO_PIC = NO;
				GCC_NO_COMMON_BLOCKS = YES;
				GCC_OPTIMIZATION_LEVEL = 0;
				GCC_PREPROCESSOR_DEFINITIONS = (
					"DEBUG=1",
					"$(inherited)",
				);
				GCC_WARN_64_TO_32_BIT_CONVERSION = YES;
				GCC_WARN_ABOUT_RETURN_TYPE = YES_ERROR;
				GCC_WARN_UNDECLARED_SELECTOR = YES;
				GCC_WARN_UNINITIALIZED_AUTOS = YES_AGGRESSIVE;
				GCC_WARN_UNUSED_FUNCTION = YES;
				GCC_WARN_UNUSED_VARIABLE = YES;
				IPHONEOS_DEPLOYMENT_TARGET = 10.3;
				MTL_ENABLE_DEBUG_INFO = YES;
				ONLY_ACTIVE_ARCH = YES;
				SDKROOT = iphoneos;
			};
			name = Debug;
		};
		14E91D711F1F98FD00A2654E /* Release */ = {
			isa = XCBuildConfiguration;
			buildSettings = {
				ALWAYS_SEARCH_USER_PATHS = NO;
				CLANG_ANALYZER_NONNULL = YES;
				CLANG_ANALYZER_NUMBER_OBJECT_CONVERSION = YES_AGGRESSIVE;
				CLANG_CXX_LANGUAGE_STANDARD = "gnu++0x";
				CLANG_CXX_LIBRARY = "libc++";
				CLANG_ENABLE_MODULES = YES;
				CLANG_ENABLE_OBJC_ARC = YES;
				CLANG_WARN_BOOL_CONVERSION = YES;
				CLANG_WARN_CONSTANT_CONVERSION = YES;
				CLANG_WARN_DIRECT_OBJC_ISA_USAGE = YES_ERROR;
				CLANG_WARN_DOCUMENTATION_COMMENTS = YES;
				CLANG_WARN_EMPTY_BODY = YES;
				CLANG_WARN_ENUM_CONVERSION = YES;
				CLANG_WARN_INFINITE_RECURSION = YES;
				CLANG_WARN_INT_CONVERSION = YES;
				CLANG_WARN_OBJC_ROOT_CLASS = YES_ERROR;
				CLANG_WARN_SUSPICIOUS_MOVE = YES;
				CLANG_WARN_UNREACHABLE_CODE = YES;
				CLANG_WARN__DUPLICATE_METHOD_MATCH = YES;
				"CODE_SIGN_IDENTITY[sdk=iphoneos*]" = "iPhone Developer";
				COPY_PHASE_STRIP = NO;
				DEBUG_INFORMATION_FORMAT = "dwarf-with-dsym";
				ENABLE_NS_ASSERTIONS = NO;
				ENABLE_STRICT_OBJC_MSGSEND = YES;
				GCC_C_LANGUAGE_STANDARD = gnu99;
				GCC_NO_COMMON_BLOCKS = YES;
				GCC_WARN_64_TO_32_BIT_CONVERSION = YES;
				GCC_WARN_ABOUT_RETURN_TYPE = YES_ERROR;
				GCC_WARN_UNDECLARED_SELECTOR = YES;
				GCC_WARN_UNINITIALIZED_AUTOS = YES_AGGRESSIVE;
				GCC_WARN_UNUSED_FUNCTION = YES;
				GCC_WARN_UNUSED_VARIABLE = YES;
				IPHONEOS_DEPLOYMENT_TARGET = 10.3;
				MTL_ENABLE_DEBUG_INFO = NO;
				SDKROOT = iphoneos;
				VALIDATE_PRODUCT = YES;
			};
			name = Release;
		};
		14E91D731F1F98FD00A2654E /* Debug */ = {
			isa = XCBuildConfiguration;
			buildSettings = {
				ASSETCATALOG_COMPILER_APPICON_NAME = AppIcon;
				DEVELOPMENT_TEAM = 6SLD7TW6TA;
				INFOPLIST_FILE = Student/Info.plist;
				LD_RUNPATH_SEARCH_PATHS = "$(inherited) @executable_path/Frameworks";
				PRODUCT_BUNDLE_IDENTIFIER = com.neteasy.byCoolJele.Student;
				PRODUCT_NAME = "$(TARGET_NAME)";
			};
			name = Debug;
		};
		14E91D741F1F98FD00A2654E /* Release */ = {
			isa = XCBuildConfiguration;
			buildSettings = {
				ASSETCATALOG_COMPILER_APPICON_NAME = AppIcon;
				DEVELOPMENT_TEAM = 6SLD7TW6TA;
				INFOPLIST_FILE = Student/Info.plist;
				LD_RUNPATH_SEARCH_PATHS = "$(inherited) @executable_path/Frameworks";
				PRODUCT_BUNDLE_IDENTIFIER = com.neteasy.byCoolJele.Student;
				PRODUCT_NAME = "$(TARGET_NAME)";
			};
			name = Release;
		};
/* End XCBuildConfiguration section */

/* Begin XCConfigurationList section */
		14E91D561F1F98FD00A2654E /* Build configuration list for PBXProject "Student" */ = {
			isa = XCConfigurationList;
			buildConfigurations = (
				14E91D701F1F98FD00A2654E /* Debug */,
				14E91D711F1F98FD00A2654E /* Release */,
			);
			defaultConfigurationIsVisible = 0;
			defaultConfigurationName = Release;
		};
		14E91D721F1F98FD00A2654E /* Build configuration list for PBXNativeTarget "Student" */ = {
			isa = XCConfigurationList;
			buildConfigurations = (
				14E91D731F1F98FD00A2654E /* Debug */,
				14E91D741F1F98FD00A2654E /* Release */,
			);
			defaultConfigurationIsVisible = 0;
			defaultConfigurationName = Release;
		};
/* End XCConfigurationList section */
	};
	rootObject = 14E91D531F1F98FD00A2654E /* Project object */;
}
