// !$*UTF8*$!
{
	archiveVersion = 1;
	classes = {
	};
	objectVersion = 48;
	objects = {

/* Begin PBXBuildFile section */
		9C19F4A61FC0414D0091EC7D /* KeyFrameViewController.m in Sources */ = {isa = PBXBuildFile; fileRef = 9C19F4A51FC0414D0091EC7D /* KeyFrameViewController.m */; };
		9C19F4A91FC041800091EC7D /* PlayViewController.m in Sources */ = {isa = PBXBuildFile; fileRef = 9C19F4A81FC041800091EC7D /* PlayViewController.m */; };
		9C4CD2C21FC0705F003FF2DA /* Cover.jpg in Resources */ = {isa = PBXBuildFile; fileRef = 9C4CD2BF1FC0705F003FF2DA /* Cover.jpg */; };
		9C4CD2C31FC0705F003FF2DA /* Disk.png in Resources */ = {isa = PBXBuildFile; fileRef = 9C4CD2C01FC0705F003FF2DA /* Disk.png */; };
		9C4CD2C41FC0705F003FF2DA /* Needle.png in Resources */ = {isa = PBXBuildFile; fileRef = 9C4CD2C11FC0705F003FF2DA /* Needle.png */; };
		9C4CD2C71FC071D5003FF2DA /* UIImage+image.m in Sources */ = {isa = PBXBuildFile; fileRef = 9C4CD2C61FC071D5003FF2DA /* UIImage+image.m */; };
		9C5C04F41FC01D4000D800D7 /* AppDelegate.m in Sources */ = {isa = PBXBuildFile; fileRef = 9C5C04F31FC01D4000D800D7 /* AppDelegate.m */; };
		9C5C04F71FC01D4000D800D7 /* ViewController.m in Sources */ = {isa = PBXBuildFile; fileRef = 9C5C04F61FC01D4000D800D7 /* ViewController.m */; };
		9C5C04FA1FC01D4000D800D7 /* Main.storyboard in Resources */ = {isa = PBXBuildFile; fileRef = 9C5C04F81FC01D4000D800D7 /* Main.storyboard */; };
		9C5C04FC1FC01D4000D800D7 /* Assets.xcassets in Resources */ = {isa = PBXBuildFile; fileRef = 9C5C04FB1FC01D4000D800D7 /* Assets.xcassets */; };
		9C5C04FF1FC01D4000D800D7 /* LaunchScreen.storyboard in Resources */ = {isa = PBXBuildFile; fileRef = 9C5C04FD1FC01D4000D800D7 /* LaunchScreen.storyboard */; };
		9C5C05021FC01D4000D800D7 /* main.m in Sources */ = {isa = PBXBuildFile; fileRef = 9C5C05011FC01D4000D800D7 /* main.m */; };
		9C5C050B1FC01EAF00D800D7 /* ViewAnimationViewController.m in Sources */ = {isa = PBXBuildFile; fileRef = 9C5C050A1FC01EAF00D800D7 /* ViewAnimationViewController.m */; };
		9C5C050E1FC02EE300D800D7 /* FilpViewController.m in Sources */ = {isa = PBXBuildFile; fileRef = 9C5C050D1FC02EE300D800D7 /* FilpViewController.m */; };
/* End PBXBuildFile section */

/* Begin PBXFileReference section */
		9C19F4A41FC0414D0091EC7D /* KeyFrameViewController.h */ = {isa = PBXFileReference; lastKnownFileType = sourcecode.c.h; path = KeyFrameViewController.h; sourceTree = "<group>"; };
		9C19F4A51FC0414D0091EC7D /* KeyFrameViewController.m */ = {isa = PBXFileReference; lastKnownFileType = sourcecode.c.objc; path = KeyFrameViewController.m; sourceTree = "<group>"; };
		9C19F4A71FC041800091EC7D /* PlayViewController.h */ = {isa = PBXFileReference; lastKnownFileType = sourcecode.c.h; path = PlayViewController.h; sourceTree = "<group>"; };
		9C19F4A81FC041800091EC7D /* PlayViewController.m */ = {isa = PBXFileReference; lastKnownFileType = sourcecode.c.objc; path = PlayViewController.m; sourceTree = "<group>"; };
		9C4CD2BF1FC0705F003FF2DA /* Cover.jpg */ = {isa = PBXFileReference; lastKnownFileType = image.jpeg; path = Cover.jpg; sourceTree = "<group>"; };
		9C4CD2C01FC0705F003FF2DA /* Disk.png */ = {isa = PBXFileReference; lastKnownFileType = image.png; path = Disk.png; sourceTree = "<group>"; };
		9C4CD2C11FC0705F003FF2DA /* Needle.png */ = {isa = PBXFileReference; lastKnownFileType = image.png; path = Needle.png; sourceTree = "<group>"; };
		9C4CD2C51FC071D5003FF2DA /* UIImage+image.h */ = {isa = PBXFileReference; lastKnownFileType = sourcecode.c.h; path = "UIImage+image.h"; sourceTree = "<group>"; };
		9C4CD2C61FC071D5003FF2DA /* UIImage+image.m */ = {isa = PBXFileReference; lastKnownFileType = sourcecode.c.objc; path = "UIImage+image.m"; sourceTree = "<group>"; };
		9C5C04EF1FC01D4000D800D7 /* UIViewAnimationDemo_Me.app */ = {isa = PBXFileReference; explicitFileType = wrapper.application; includeInIndex = 0; path = UIViewAnimationDemo_Me.app; sourceTree = BUILT_PRODUCTS_DIR; };
		9C5C04F21FC01D4000D800D7 /* AppDelegate.h */ = {isa = PBXFileReference; lastKnownFileType = sourcecode.c.h; path = AppDelegate.h; sourceTree = "<group>"; };
		9C5C04F31FC01D4000D800D7 /* AppDelegate.m */ = {isa = PBXFileReference; lastKnownFileType = sourcecode.c.objc; path = AppDelegate.m; sourceTree = "<group>"; };
		9C5C04F51FC01D4000D800D7 /* ViewController.h */ = {isa = PBXFileReference; lastKnownFileType = sourcecode.c.h; path = ViewController.h; sourceTree = "<group>"; };
		9C5C04F61FC01D4000D800D7 /* ViewController.m */ = {isa = PBXFileReference; lastKnownFileType = sourcecode.c.objc; path = ViewController.m; sourceTree = "<group>"; };
		9C5C04F91FC01D4000D800D7 /* Base */ = {isa = PBXFileReference; lastKnownFileType = file.storyboard; name = Base; path = Base.lproj/Main.storyboard; sourceTree = "<group>"; };
		9C5C04FB1FC01D4000D800D7 /* Assets.xcassets */ = {isa = PBXFileReference; lastKnownFileType = folder.assetcatalog; path = Assets.xcassets; sourceTree = "<group>"; };
		9C5C04FE1FC01D4000D800D7 /* Base */ = {isa = PBXFileReference; lastKnownFileType = file.storyboard; name = Base; path = Base.lproj/LaunchScreen.storyboard; sourceTree = "<group>"; };
		9C5C05001FC01D4000D800D7 /* Info.plist */ = {isa = PBXFileReference; lastKnownFileType = text.plist.xml; path = Info.plist; sourceTree = "<group>"; };
		9C5C05011FC01D4000D800D7 /* main.m */ = {isa = PBXFileReference; lastKnownFileType = sourcecode.c.objc; path = main.m; sourceTree = "<group>"; };
		9C5C05091FC01EAF00D800D7 /* ViewAnimationViewController.h */ = {isa = PBXFileReference; lastKnownFileType = sourcecode.c.h; path = ViewAnimationViewController.h; sourceTree = "<group>"; };
		9C5C050A1FC01EAF00D800D7 /* ViewAnimationViewController.m */ = {isa = PBXFileReference; lastKnownFileType = sourcecode.c.objc; path = ViewAnimationViewController.m; sourceTree = "<group>"; };
		9C5C050C1FC02EE300D800D7 /* FilpViewController.h */ = {isa = PBXFileReference; lastKnownFileType = sourcecode.c.h; path = FilpViewController.h; sourceTree = "<group>"; };
		9C5C050D1FC02EE300D800D7 /* FilpViewController.m */ = {isa = PBXFileReference; lastKnownFileType = sourcecode.c.objc; path = FilpViewController.m; sourceTree = "<group>"; };
/* End PBXFileReference section */

/* Begin PBXFrameworksBuildPhase section */
		9C5C04EC1FC01D4000D800D7 /* Frameworks */ = {
			isa = PBXFrameworksBuildPhase;
			buildActionMask = 2147483647;
			files = (
			);
			runOnlyForDeploymentPostprocessing = 0;
		};
/* End PBXFrameworksBuildPhase section */

/* Begin PBXGroup section */
		9C4CD2BE1FC0705F003FF2DA /* Images */ = {
			isa = PBXGroup;
			children = (
				9C4CD2BF1FC0705F003FF2DA /* Cover.jpg */,
				9C4CD2C01FC0705F003FF2DA /* Disk.png */,
				9C4CD2C11FC0705F003FF2DA /* Needle.png */,
			);
			name = Images;
			path = ../../../UIViewAnimationDemo/UIViewAnimationDemo/Images;
			sourceTree = "<group>";
		};
		9C5C04E61FC01D4000D800D7 = {
			isa = PBXGroup;
			children = (
				9C5C04F11FC01D4000D800D7 /* UIViewAnimationDemo_Me */,
				9C5C04F01FC01D4000D800D7 /* Products */,
			);
			sourceTree = "<group>";
		};
		9C5C04F01FC01D4000D800D7 /* Products */ = {
			isa = PBXGroup;
			children = (
				9C5C04EF1FC01D4000D800D7 /* UIViewAnimationDemo_Me.app */,
			);
			name = Products;
			sourceTree = "<group>";
		};
		9C5C04F11FC01D4000D800D7 /* UIViewAnimationDemo_Me */ = {
			isa = PBXGroup;
			children = (
				9C4CD2BE1FC0705F003FF2DA /* Images */,
				9C5C05081FC01E8500D800D7 /* Animations */,
				9C5C04F21FC01D4000D800D7 /* AppDelegate.h */,
				9C5C04F31FC01D4000D800D7 /* AppDelegate.m */,
				9C5C04F51FC01D4000D800D7 /* ViewController.h */,
				9C5C04F61FC01D4000D800D7 /* ViewController.m */,
				9C5C04F81FC01D4000D800D7 /* Main.storyboard */,
				9C5C04FB1FC01D4000D800D7 /* Assets.xcassets */,
				9C5C04FD1FC01D4000D800D7 /* LaunchScreen.storyboard */,
				9C5C05001FC01D4000D800D7 /* Info.plist */,
				9C5C05011FC01D4000D800D7 /* main.m */,
				9C4CD2C51FC071D5003FF2DA /* UIImage+image.h */,
				9C4CD2C61FC071D5003FF2DA /* UIImage+image.m */,
			);
			path = UIViewAnimationDemo_Me;
			sourceTree = "<group>";
		};
		9C5C05081FC01E8500D800D7 /* Animations */ = {
			isa = PBXGroup;
			children = (
				9C5C05091FC01EAF00D800D7 /* ViewAnimationViewController.h */,
				9C5C050A1FC01EAF00D800D7 /* ViewAnimationViewController.m */,
				9C5C050C1FC02EE300D800D7 /* FilpViewController.h */,
				9C5C050D1FC02EE300D800D7 /* FilpViewController.m */,
				9C19F4A41FC0414D0091EC7D /* KeyFrameViewController.h */,
				9C19F4A51FC0414D0091EC7D /* KeyFrameViewController.m */,
				9C19F4A71FC041800091EC7D /* PlayViewController.h */,
				9C19F4A81FC041800091EC7D /* PlayViewController.m */,
			);
			path = Animations;
			sourceTree = "<group>";
		};
/* End PBXGroup section */

/* Begin PBXNativeTarget section */
		9C5C04EE1FC01D4000D800D7 /* UIViewAnimationDemo_Me */ = {
			isa = PBXNativeTarget;
			buildConfigurationList = 9C5C05051FC01D4000D800D7 /* Build configuration list for PBXNativeTarget "UIViewAnimationDemo_Me" */;
			buildPhases = (
				9C5C04EB1FC01D4000D800D7 /* Sources */,
				9C5C04EC1FC01D4000D800D7 /* Frameworks */,
				9C5C04ED1FC01D4000D800D7 /* Resources */,
			);
			buildRules = (
			);
			dependencies = (
			);
			name = UIViewAnimationDemo_Me;
			productName = UIViewAnimationDemo_Me;
			productReference = 9C5C04EF1FC01D4000D800D7 /* UIViewAnimationDemo_Me.app */;
			productType = "com.apple.product-type.application";
		};
/* End PBXNativeTarget section */

/* Begin PBXProject section */
		9C5C04E71FC01D4000D800D7 /* Project object */ = {
			isa = PBXProject;
			attributes = {
				LastUpgradeCheck = 0910;
				ORGANIZATIONNAME = SharePlus;
				TargetAttributes = {
					9C5C04EE1FC01D4000D800D7 = {
						CreatedOnToolsVersion = 9.1;
						ProvisioningStyle = Automatic;
					};
				};
			};
			buildConfigurationList = 9C5C04EA1FC01D4000D800D7 /* Build configuration list for PBXProject "UIViewAnimationDemo_Me" */;
			compatibilityVersion = "Xcode 8.0";
			developmentRegion = en;
			hasScannedForEncodings = 0;
			knownRegions = (
				en,
				Base,
			);
			mainGroup = 9C5C04E61FC01D4000D800D7;
			productRefGroup = 9C5C04F01FC01D4000D800D7 /* Products */;
			projectDirPath = "";
			projectRoot = "";
			targets = (
				9C5C04EE1FC01D4000D800D7 /* UIViewAnimationDemo_Me */,
			);
		};
/* End PBXProject section */

/* Begin PBXResourcesBuildPhase section */
		9C5C04ED1FC01D4000D800D7 /* Resources */ = {
			isa = PBXResourcesBuildPhase;
			buildActionMask = 2147483647;
			files = (
				9C4CD2C41FC0705F003FF2DA /* Needle.png in Resources */,
				9C5C04FF1FC01D4000D800D7 /* LaunchScreen.storyboard in Resources */,
				9C5C04FC1FC01D4000D800D7 /* Assets.xcassets in Resources */,
				9C4CD2C31FC0705F003FF2DA /* Disk.png in Resources */,
				9C5C04FA1FC01D4000D800D7 /* Main.storyboard in Resources */,
				9C4CD2C21FC0705F003FF2DA /* Cover.jpg in Resources */,
			);
			runOnlyForDeploymentPostprocessing = 0;
		};
/* End PBXResourcesBuildPhase section */

/* Begin PBXSourcesBuildPhase section */
		9C5C04EB1FC01D4000D800D7 /* Sources */ = {
			isa = PBXSourcesBuildPhase;
			buildActionMask = 2147483647;
			files = (
				9C5C04F71FC01D4000D800D7 /* ViewController.m in Sources */,
				9C4CD2C71FC071D5003FF2DA /* UIImage+image.m in Sources */,
				9C5C05021FC01D4000D800D7 /* main.m in Sources */,
				9C5C050E1FC02EE300D800D7 /* FilpViewController.m in Sources */,
				9C5C050B1FC01EAF00D800D7 /* ViewAnimationViewController.m in Sources */,
				9C19F4A61FC0414D0091EC7D /* KeyFrameViewController.m in Sources */,
				9C5C04F41FC01D4000D800D7 /* AppDelegate.m in Sources */,
				9C19F4A91FC041800091EC7D /* PlayViewController.m in Sources */,
			);
			runOnlyForDeploymentPostprocessing = 0;
		};
/* End PBXSourcesBuildPhase section */

/* Begin PBXVariantGroup section */
		9C5C04F81FC01D4000D800D7 /* Main.storyboard */ = {
			isa = PBXVariantGroup;
			children = (
				9C5C04F91FC01D4000D800D7 /* Base */,
			);
			name = Main.storyboard;
			sourceTree = "<group>";
		};
		9C5C04FD1FC01D4000D800D7 /* LaunchScreen.storyboard */ = {
			isa = PBXVariantGroup;
			children = (
				9C5C04FE1FC01D4000D800D7 /* Base */,
			);
			name = LaunchScreen.storyboard;
			sourceTree = "<group>";
		};
/* End PBXVariantGroup section */

/* Begin XCBuildConfiguration section */
		9C5C05031FC01D4000D800D7 /* Debug */ = {
			isa = XCBuildConfiguration;
			buildSettings = {
				ALWAYS_SEARCH_USER_PATHS = NO;
				CLANG_ANALYZER_NONNULL = YES;
				CLANG_ANALYZER_NUMBER_OBJECT_CONVERSION = YES_AGGRESSIVE;
				CLANG_CXX_LANGUAGE_STANDARD = "gnu++14";
				CLANG_CXX_LIBRARY = "libc++";
				CLANG_ENABLE_MODULES = YES;
				CLANG_ENABLE_OBJC_ARC = YES;
				CLANG_WARN_BLOCK_CAPTURE_AUTORELEASING = YES;
				CLANG_WARN_BOOL_CONVERSION = YES;
				CLANG_WARN_COMMA = YES;
				CLANG_WARN_CONSTANT_CONVERSION = YES;
				CLANG_WARN_DIRECT_OBJC_ISA_USAGE = YES_ERROR;
				CLANG_WARN_DOCUMENTATION_COMMENTS = YES;
				CLANG_WARN_EMPTY_BODY = YES;
				CLANG_WARN_ENUM_CONVERSION = YES;
				CLANG_WARN_INFINITE_RECURSION = YES;
				CLANG_WARN_INT_CONVERSION = YES;
				CLANG_WARN_NON_LITERAL_NULL_CONVERSION = YES;
				CLANG_WARN_OBJC_LITERAL_CONVERSION = YES;
				CLANG_WARN_OBJC_ROOT_CLASS = YES_ERROR;
				CLANG_WARN_RANGE_LOOP_ANALYSIS = YES;
				CLANG_WARN_STRICT_PROTOTYPES = YES;
				CLANG_WARN_SUSPICIOUS_MOVE = YES;
				CLANG_WARN_UNGUARDED_AVAILABILITY = YES_AGGRESSIVE;
				CLANG_WARN_UNREACHABLE_CODE = YES;
				CLANG_WARN__DUPLICATE_METHOD_MATCH = YES;
				CODE_SIGN_IDENTITY = "iPhone Developer";
				COPY_PHASE_STRIP = NO;
				DEBUG_INFORMATION_FORMAT = dwarf;
				ENABLE_STRICT_OBJC_MSGSEND = YES;
				ENABLE_TESTABILITY = YES;
				GCC_C_LANGUAGE_STANDARD = gnu11;
				GCC_DYNAMIC_NO_PIC = NO;
				GCC_NO_COMMON_BLOCKS = YES;
				GCC_OPTIMIZATION_LEVEL = 0;
				GCC_PREPROCESSOR_DEFINITIONS = (
					"DEBUG=1",
					"$(inherited)",
				);
				GCC_WARN_64_TO_32_BIT_CONVERSION = YES;
				GCC_WARN_ABOUT_RETURN_TYPE = YES_ERROR;
				GCC_WARN_UNDECLARED_SELECTOR = YES;
				GCC_WARN_UNINITIALIZED_AUTOS = YES_AGGRESSIVE;
				GCC_WARN_UNUSED_FUNCTION = YES;
				GCC_WARN_UNUSED_VARIABLE = YES;
				IPHONEOS_DEPLOYMENT_TARGET = 11.1;
				MTL_ENABLE_DEBUG_INFO = YES;
				ONLY_ACTIVE_ARCH = YES;
				SDKROOT = iphoneos;
			};
			name = Debug;
		};
		9C5C05041FC01D4000D800D7 /* Release */ = {
			isa = XCBuildConfiguration;
			buildSettings = {
				ALWAYS_SEARCH_USER_PATHS = NO;
				CLANG_ANALYZER_NONNULL = YES;
				CLANG_ANALYZER_NUMBER_OBJECT_CONVERSION = YES_AGGRESSIVE;
				CLANG_CXX_LANGUAGE_STANDARD = "gnu++14";
				CLANG_CXX_LIBRARY = "libc++";
				CLANG_ENABLE_MODULES = YES;
				CLANG_ENABLE_OBJC_ARC = YES;
				CLANG_WARN_BLOCK_CAPTURE_AUTORELEASING = YES;
				CLANG_WARN_BOOL_CONVERSION = YES;
				CLANG_WARN_COMMA = YES;
				CLANG_WARN_CONSTANT_CONVERSION = YES;
				CLANG_WARN_DIRECT_OBJC_ISA_USAGE = YES_ERROR;
				CLANG_WARN_DOCUMENTATION_COMMENTS = YES;
				CLANG_WARN_EMPTY_BODY = YES;
				CLANG_WARN_ENUM_CONVERSION = YES;
				CLANG_WARN_INFINITE_RECURSION = YES;
				CLANG_WARN_INT_CONVERSION = YES;
				CLANG_WARN_NON_LITERAL_NULL_CONVERSION = YES;
				CLANG_WARN_OBJC_LITERAL_CONVERSION = YES;
				CLANG_WARN_OBJC_ROOT_CLASS = YES_ERROR;
				CLANG_WARN_RANGE_LOOP_ANALYSIS = YES;
				CLANG_WARN_STRICT_PROTOTYPES = YES;
				CLANG_WARN_SUSPICIOUS_MOVE = YES;
				CLANG_WARN_UNGUARDED_AVAILABILITY = YES_AGGRESSIVE;
				CLANG_WARN_UNREACHABLE_CODE = YES;
				CLANG_WARN__DUPLICATE_METHOD_MATCH = YES;
				CODE_SIGN_IDENTITY = "iPhone Developer";
				COPY_PHASE_STRIP = NO;
				DEBUG_INFORMATION_FORMAT = "dwarf-with-dsym";
				ENABLE_NS_ASSERTIONS = NO;
				ENABLE_STRICT_OBJC_MSGSEND = YES;
				GCC_C_LANGUAGE_STANDARD = gnu11;
				GCC_NO_COMMON_BLOCKS = YES;
				GCC_WARN_64_TO_32_BIT_CONVERSION = YES;
				GCC_WARN_ABOUT_RETURN_TYPE = YES_ERROR;
				GCC_WARN_UNDECLARED_SELECTOR = YES;
				GCC_WARN_UNINITIALIZED_AUTOS = YES_AGGRESSIVE;
				GCC_WARN_UNUSED_FUNCTION = YES;
				GCC_WARN_UNUSED_VARIABLE = YES;
				IPHONEOS_DEPLOYMENT_TARGET = 11.1;
				MTL_ENABLE_DEBUG_INFO = NO;
				SDKROOT = iphoneos;
				VALIDATE_PRODUCT = YES;
			};
			name = Release;
		};
		9C5C05061FC01D4000D800D7 /* Debug */ = {
			isa = XCBuildConfiguration;
			buildSettings = {
				ASSETCATALOG_COMPILER_APPICON_NAME = AppIcon;
				CODE_SIGN_STYLE = Automatic;
				DEVELOPMENT_TEAM = DM75VG4BJ5;
				INFOPLIST_FILE = UIViewAnimationDemo_Me/Info.plist;
				LD_RUNPATH_SEARCH_PATHS = "$(inherited) @executable_path/Frameworks";
				PRODUCT_BUNDLE_IDENTIFIER = "com.fxj2017.app.UIViewAnimationDemo-Me";
				PRODUCT_NAME = "$(TARGET_NAME)";
				TARGETED_DEVICE_FAMILY = "1,2";
			};
			name = Debug;
		};
		9C5C05071FC01D4000D800D7 /* Release */ = {
			isa = XCBuildConfiguration;
			buildSettings = {
				ASSETCATALOG_COMPILER_APPICON_NAME = AppIcon;
				CODE_SIGN_STYLE = Automatic;
				DEVELOPMENT_TEAM = DM75VG4BJ5;
				INFOPLIST_FILE = UIViewAnimationDemo_Me/Info.plist;
				LD_RUNPATH_SEARCH_PATHS = "$(inherited) @executable_path/Frameworks";
				PRODUCT_BUNDLE_IDENTIFIER = "com.fxj2017.app.UIViewAnimationDemo-Me";
				PRODUCT_NAME = "$(TARGET_NAME)";
				TARGETED_DEVICE_FAMILY = "1,2";
			};
			name = Release;
		};
/* End XCBuildConfiguration section */

/* Begin XCConfigurationList section */
		9C5C04EA1FC01D4000D800D7 /* Build configuration list for PBXProject "UIViewAnimationDemo_Me" */ = {
			isa = XCConfigurationList;
			buildConfigurations = (
				9C5C05031FC01D4000D800D7 /* Debug */,
				9C5C05041FC01D4000D800D7 /* Release */,
			);
			defaultConfigurationIsVisible = 0;
			defaultConfigurationName = Release;
		};
		9C5C05051FC01D4000D800D7 /* Build configuration list for PBXNativeTarget "UIViewAnimationDemo_Me" */ = {
			isa = XCConfigurationList;
			buildConfigurations = (
				9C5C05061FC01D4000D800D7 /* Debug */,
				9C5C05071FC01D4000D800D7 /* Release */,
			);
			defaultConfigurationIsVisible = 0;
			defaultConfigurationName = Release;
		};
/* End XCConfigurationList section */
	};
	rootObject = 9C5C04E71FC01D4000D800D7 /* Project object */;
}
