// !$*UTF8*$!
{
	archiveVersion = 1;
	classes = {
	};
	objectVersion = 46;
	objects = {

/* Begin PBXBuildFile section */
		DEE30EA91EE31BEB00575B4F /* main.m in Sources */ = {isa = PBXBuildFile; fileRef = DEE30EA81EE31BEB00575B4F /* main.m */; };
		DEE30EAC1EE31BEB00575B4F /* AppDelegate.m in Sources */ = {isa = PBXBuildFile; fileRef = DEE30EAB1EE31BEB00575B4F /* AppDelegate.m */; };
		DEE30EAF1EE31BEB00575B4F /* ViewController.m in Sources */ = {isa = PBXBuildFile; fileRef = DEE30EAE1EE31BEB00575B4F /* ViewController.m */; };
		DEE30EB21EE31BEB00575B4F /* Main.storyboard in Resources */ = {isa = PBXBuildFile; fileRef = DEE30EB01EE31BEB00575B4F /* Main.storyboard */; };
		DEE30EB41EE31BEB00575B4F /* Assets.xcassets in Resources */ = {isa = PBXBuildFile; fileRef = DEE30EB31EE31BEB00575B4F /* Assets.xcassets */; };
		DEE30EB71EE31BEB00575B4F /* LaunchScreen.storyboard in Resources */ = {isa = PBXBuildFile; fileRef = DEE30EB51EE31BEB00575B4F /* LaunchScreen.storyboard */; };
		DEE30EC01EE31C7200575B4F /* NavViewController.m in Sources */ = {isa = PBXBuildFile; fileRef = DEE30EBF1EE31C7200575B4F /* NavViewController.m */; };
		DEE30EC31EE31E1500575B4F /* NextViewController.m in Sources */ = {isa = PBXBuildFile; fileRef = DEE30EC21EE31E1500575B4F /* NextViewController.m */; };
/* End PBXBuildFile section */

/* Begin PBXFileReference section */
		DEE30EA41EE31BEB00575B4F /* NavigationProject.app */ = {isa = PBXFileReference; explicitFileType = wrapper.application; includeInIndex = 0; path = NavigationProject.app; sourceTree = BUILT_PRODUCTS_DIR; };
		DEE30EA81EE31BEB00575B4F /* main.m */ = {isa = PBXFileReference; lastKnownFileType = sourcecode.c.objc; path = main.m; sourceTree = "<group>"; };
		DEE30EAA1EE31BEB00575B4F /* AppDelegate.h */ = {isa = PBXFileReference; lastKnownFileType = sourcecode.c.h; path = AppDelegate.h; sourceTree = "<group>"; };
		DEE30EAB1EE31BEB00575B4F /* AppDelegate.m */ = {isa = PBXFileReference; lastKnownFileType = sourcecode.c.objc; path = AppDelegate.m; sourceTree = "<group>"; };
		DEE30EAD1EE31BEB00575B4F /* ViewController.h */ = {isa = PBXFileReference; lastKnownFileType = sourcecode.c.h; path = ViewController.h; sourceTree = "<group>"; };
		DEE30EAE1EE31BEB00575B4F /* ViewController.m */ = {isa = PBXFileReference; lastKnownFileType = sourcecode.c.objc; path = ViewController.m; sourceTree = "<group>"; };
		DEE30EB11EE31BEB00575B4F /* Base */ = {isa = PBXFileReference; lastKnownFileType = file.storyboard; name = Base; path = Base.lproj/Main.storyboard; sourceTree = "<group>"; };
		DEE30EB31EE31BEB00575B4F /* Assets.xcassets */ = {isa = PBXFileReference; lastKnownFileType = folder.assetcatalog; path = Assets.xcassets; sourceTree = "<group>"; };
		DEE30EB61EE31BEB00575B4F /* Base */ = {isa = PBXFileReference; lastKnownFileType = file.storyboard; name = Base; path = Base.lproj/LaunchScreen.storyboard; sourceTree = "<group>"; };
		DEE30EB81EE31BEB00575B4F /* Info.plist */ = {isa = PBXFileReference; lastKnownFileType = text.plist.xml; path = Info.plist; sourceTree = "<group>"; };
		DEE30EBE1EE31C7200575B4F /* NavViewController.h */ = {isa = PBXFileReference; fileEncoding = 4; lastKnownFileType = sourcecode.c.h; path = NavViewController.h; sourceTree = "<group>"; };
		DEE30EBF1EE31C7200575B4F /* NavViewController.m */ = {isa = PBXFileReference; fileEncoding = 4; lastKnownFileType = sourcecode.c.objc; path = NavViewController.m; sourceTree = "<group>"; };
		DEE30EC11EE31E1500575B4F /* NextViewController.h */ = {isa = PBXFileReference; fileEncoding = 4; lastKnownFileType = sourcecode.c.h; path = NextViewController.h; sourceTree = "<group>"; };
		DEE30EC21EE31E1500575B4F /* NextViewController.m */ = {isa = PBXFileReference; fileEncoding = 4; lastKnownFileType = sourcecode.c.objc; path = NextViewController.m; sourceTree = "<group>"; };
/* End PBXFileReference section */

/* Begin PBXFrameworksBuildPhase section */
		DEE30EA11EE31BEB00575B4F /* Frameworks */ = {
			isa = PBXFrameworksBuildPhase;
			buildActionMask = 2147483647;
			files = (
			);
			runOnlyForDeploymentPostprocessing = 0;
		};
/* End PBXFrameworksBuildPhase section */

/* Begin PBXGroup section */
		DEE30E9B1EE31BEB00575B4F = {
			isa = PBXGroup;
			children = (
				DEE30EA61EE31BEB00575B4F /* NavigationProject */,
				DEE30EA51EE31BEB00575B4F /* Products */,
			);
			sourceTree = "<group>";
		};
		DEE30EA51EE31BEB00575B4F /* Products */ = {
			isa = PBXGroup;
			children = (
				DEE30EA41EE31BEB00575B4F /* NavigationProject.app */,
			);
			name = Products;
			sourceTree = "<group>";
		};
		DEE30EA61EE31BEB00575B4F /* NavigationProject */ = {
			isa = PBXGroup;
			children = (
				DEE30EAA1EE31BEB00575B4F /* AppDelegate.h */,
				DEE30EAB1EE31BEB00575B4F /* AppDelegate.m */,
				DEE30EAD1EE31BEB00575B4F /* ViewController.h */,
				DEE30EAE1EE31BEB00575B4F /* ViewController.m */,
				DEE30EBE1EE31C7200575B4F /* NavViewController.h */,
				DEE30EBF1EE31C7200575B4F /* NavViewController.m */,
				DEE30EC11EE31E1500575B4F /* NextViewController.h */,
				DEE30EC21EE31E1500575B4F /* NextViewController.m */,
				DEE30EB01EE31BEB00575B4F /* Main.storyboard */,
				DEE30EB31EE31BEB00575B4F /* Assets.xcassets */,
				DEE30EB51EE31BEB00575B4F /* LaunchScreen.storyboard */,
				DEE30EB81EE31BEB00575B4F /* Info.plist */,
				DEE30EA71EE31BEB00575B4F /* Supporting Files */,
			);
			path = NavigationProject;
			sourceTree = "<group>";
		};
		DEE30EA71EE31BEB00575B4F /* Supporting Files */ = {
			isa = PBXGroup;
			children = (
				DEE30EA81EE31BEB00575B4F /* main.m */,
			);
			name = "Supporting Files";
			sourceTree = "<group>";
		};
/* End PBXGroup section */

/* Begin PBXNativeTarget section */
		DEE30EA31EE31BEB00575B4F /* NavigationProject */ = {
			isa = PBXNativeTarget;
			buildConfigurationList = DEE30EBB1EE31BEB00575B4F /* Build configuration list for PBXNativeTarget "NavigationProject" */;
			buildPhases = (
				DEE30EA01EE31BEB00575B4F /* Sources */,
				DEE30EA11EE31BEB00575B4F /* Frameworks */,
				DEE30EA21EE31BEB00575B4F /* Resources */,
			);
			buildRules = (
			);
			dependencies = (
			);
			name = NavigationProject;
			productName = NavigationProject;
			productReference = DEE30EA41EE31BEB00575B4F /* NavigationProject.app */;
			productType = "com.apple.product-type.application";
		};
/* End PBXNativeTarget section */

/* Begin PBXProject section */
		DEE30E9C1EE31BEB00575B4F /* Project object */ = {
			isa = PBXProject;
			attributes = {
				LastUpgradeCheck = 0830;
				ORGANIZATIONNAME = ChamberH;
				TargetAttributes = {
					DEE30EA31EE31BEB00575B4F = {
						CreatedOnToolsVersion = 8.3;
						DevelopmentTeam = 8U95TUDT6Z;
						ProvisioningStyle = Automatic;
					};
				};
			};
			buildConfigurationList = DEE30E9F1EE31BEB00575B4F /* Build configuration list for PBXProject "NavigationProject" */;
			compatibilityVersion = "Xcode 3.2";
			developmentRegion = English;
			hasScannedForEncodings = 0;
			knownRegions = (
				en,
				Base,
			);
			mainGroup = DEE30E9B1EE31BEB00575B4F;
			productRefGroup = DEE30EA51EE31BEB00575B4F /* Products */;
			projectDirPath = "";
			projectRoot = "";
			targets = (
				DEE30EA31EE31BEB00575B4F /* NavigationProject */,
			);
		};
/* End PBXProject section */

/* Begin PBXResourcesBuildPhase section */
		DEE30EA21EE31BEB00575B4F /* Resources */ = {
			isa = PBXResourcesBuildPhase;
			buildActionMask = 2147483647;
			files = (
				DEE30EB71EE31BEB00575B4F /* LaunchScreen.storyboard in Resources */,
				DEE30EB41EE31BEB00575B4F /* Assets.xcassets in Resources */,
				DEE30EB21EE31BEB00575B4F /* Main.storyboard in Resources */,
			);
			runOnlyForDeploymentPostprocessing = 0;
		};
/* End PBXResourcesBuildPhase section */

/* Begin PBXSourcesBuildPhase section */
		DEE30EA01EE31BEB00575B4F /* Sources */ = {
			isa = PBXSourcesBuildPhase;
			buildActionMask = 2147483647;
			files = (
				DEE30EC31EE31E1500575B4F /* NextViewController.m in Sources */,
				DEE30EAF1EE31BEB00575B4F /* ViewController.m in Sources */,
				DEE30EAC1EE31BEB00575B4F /* AppDelegate.m in Sources */,
				DEE30EC01EE31C7200575B4F /* NavViewController.m in Sources */,
				DEE30EA91EE31BEB00575B4F /* main.m in Sources */,
			);
			runOnlyForDeploymentPostprocessing = 0;
		};
/* End PBXSourcesBuildPhase section */

/* Begin PBXVariantGroup section */
		DEE30EB01EE31BEB00575B4F /* Main.storyboard */ = {
			isa = PBXVariantGroup;
			children = (
				DEE30EB11EE31BEB00575B4F /* Base */,
			);
			name = Main.storyboard;
			sourceTree = "<group>";
		};
		DEE30EB51EE31BEB00575B4F /* LaunchScreen.storyboard */ = {
			isa = PBXVariantGroup;
			children = (
				DEE30EB61EE31BEB00575B4F /* Base */,
			);
			name = LaunchScreen.storyboard;
			sourceTree = "<group>";
		};
/* End PBXVariantGroup section */

/* Begin XCBuildConfiguration section */
		DEE30EB91EE31BEB00575B4F /* Debug */ = {
			isa = XCBuildConfiguration;
			buildSettings = {
				ALWAYS_SEARCH_USER_PATHS = NO;
				CLANG_ANALYZER_NONNULL = YES;
				CLANG_ANALYZER_NUMBER_OBJECT_CONVERSION = YES_AGGRESSIVE;
				CLANG_CXX_LANGUAGE_STANDARD = "gnu++0x";
				CLANG_CXX_LIBRARY = "libc++";
				CLANG_ENABLE_MODULES = YES;
				CLANG_ENABLE_OBJC_ARC = YES;
				CLANG_WARN_BOOL_CONVERSION = YES;
				CLANG_WARN_CONSTANT_CONVERSION = YES;
				CLANG_WARN_DIRECT_OBJC_ISA_USAGE = YES_ERROR;
				CLANG_WARN_DOCUMENTATION_COMMENTS = YES;
				CLANG_WARN_EMPTY_BODY = YES;
				CLANG_WARN_ENUM_CONVERSION = YES;
				CLANG_WARN_INFINITE_RECURSION = YES;
				CLANG_WARN_INT_CONVERSION = YES;
				CLANG_WARN_OBJC_ROOT_CLASS = YES_ERROR;
				CLANG_WARN_SUSPICIOUS_MOVE = YES;
				CLANG_WARN_UNREACHABLE_CODE = YES;
				CLANG_WARN__DUPLICATE_METHOD_MATCH = YES;
				"CODE_SIGN_IDENTITY[sdk=iphoneos*]" = "iPhone Developer";
				COPY_PHASE_STRIP = NO;
				DEBUG_INFORMATION_FORMAT = dwarf;
				ENABLE_STRICT_OBJC_MSGSEND = YES;
				ENABLE_TESTABILITY = YES;
				GCC_C_LANGUAGE_STANDARD = gnu99;
				GCC_DYNAMIC_NO_PIC = NO;
				GCC_NO_COMMON_BLOCKS = YES;
				GCC_OPTIMIZATION_LEVEL = 0;
				GCC_PREPROCESSOR_DEFINITIONS = (
					"DEBUG=1",
					"$(inherited)",
				);
				GCC_WARN_64_TO_32_BIT_CONVERSION = YES;
				GCC_WARN_ABOUT_RETURN_TYPE = YES_ERROR;
				GCC_WARN_UNDECLARED_SELECTOR = YES;
				GCC_WARN_UNINITIALIZED_AUTOS = YES_AGGRESSIVE;
				GCC_WARN_UNUSED_FUNCTION = YES;
				GCC_WARN_UNUSED_VARIABLE = YES;
				IPHONEOS_DEPLOYMENT_TARGET = 10.3;
				MTL_ENABLE_DEBUG_INFO = YES;
				ONLY_ACTIVE_ARCH = YES;
				SDKROOT = iphoneos;
				TARGETED_DEVICE_FAMILY = "1,2";
			};
			name = Debug;
		};
		DEE30EBA1EE31BEB00575B4F /* Release */ = {
			isa = XCBuildConfiguration;
			buildSettings = {
				ALWAYS_SEARCH_USER_PATHS = NO;
				CLANG_ANALYZER_NONNULL = YES;
				CLANG_ANALYZER_NUMBER_OBJECT_CONVERSION = YES_AGGRESSIVE;
				CLANG_CXX_LANGUAGE_STANDARD = "gnu++0x";
				CLANG_CXX_LIBRARY = "libc++";
				CLANG_ENABLE_MODULES = YES;
				CLANG_ENABLE_OBJC_ARC = YES;
				CLANG_WARN_BOOL_CONVERSION = YES;
				CLANG_WARN_CONSTANT_CONVERSION = YES;
				CLANG_WARN_DIRECT_OBJC_ISA_USAGE = YES_ERROR;
				CLANG_WARN_DOCUMENTATION_COMMENTS = YES;
				CLANG_WARN_EMPTY_BODY = YES;
				CLANG_WARN_ENUM_CONVERSION = YES;
				CLANG_WARN_INFINITE_RECURSION = YES;
				CLANG_WARN_INT_CONVERSION = YES;
				CLANG_WARN_OBJC_ROOT_CLASS = YES_ERROR;
				CLANG_WARN_SUSPICIOUS_MOVE = YES;
				CLANG_WARN_UNREACHABLE_CODE = YES;
				CLANG_WARN__DUPLICATE_METHOD_MATCH = YES;
				"CODE_SIGN_IDENTITY[sdk=iphoneos*]" = "iPhone Developer";
				COPY_PHASE_STRIP = NO;
				DEBUG_INFORMATION_FORMAT = "dwarf-with-dsym";
				ENABLE_NS_ASSERTIONS = NO;
				ENABLE_STRICT_OBJC_MSGSEND = YES;
				GCC_C_LANGUAGE_STANDARD = gnu99;
				GCC_NO_COMMON_BLOCKS = YES;
				GCC_WARN_64_TO_32_BIT_CONVERSION = YES;
				GCC_WARN_ABOUT_RETURN_TYPE = YES_ERROR;
				GCC_WARN_UNDECLARED_SELECTOR = YES;
				GCC_WARN_UNINITIALIZED_AUTOS = YES_AGGRESSIVE;
				GCC_WARN_UNUSED_FUNCTION = YES;
				GCC_WARN_UNUSED_VARIABLE = YES;
				IPHONEOS_DEPLOYMENT_TARGET = 10.3;
				MTL_ENABLE_DEBUG_INFO = NO;
				SDKROOT = iphoneos;
				TARGETED_DEVICE_FAMILY = "1,2";
				VALIDATE_PRODUCT = YES;
			};
			name = Release;
		};
		DEE30EBC1EE31BEB00575B4F /* Debug */ = {
			isa = XCBuildConfiguration;
			buildSettings = {
				ASSETCATALOG_COMPILER_APPICON_NAME = AppIcon;
				DEVELOPMENT_TEAM = 8U95TUDT6Z;
				INFOPLIST_FILE = NavigationProject/Info.plist;
				LD_RUNPATH_SEARCH_PATHS = "$(inherited) @executable_path/Frameworks";
				PRODUCT_BUNDLE_IDENTIFIER = ChamberH.NavigationProject;
				PRODUCT_NAME = "$(TARGET_NAME)";
			};
			name = Debug;
		};
		DEE30EBD1EE31BEB00575B4F /* Release */ = {
			isa = XCBuildConfiguration;
			buildSettings = {
				ASSETCATALOG_COMPILER_APPICON_NAME = AppIcon;
				DEVELOPMENT_TEAM = 8U95TUDT6Z;
				INFOPLIST_FILE = NavigationProject/Info.plist;
				LD_RUNPATH_SEARCH_PATHS = "$(inherited) @executable_path/Frameworks";
				PRODUCT_BUNDLE_IDENTIFIER = ChamberH.NavigationProject;
				PRODUCT_NAME = "$(TARGET_NAME)";
			};
			name = Release;
		};
/* End XCBuildConfiguration section */

/* Begin XCConfigurationList section */
		DEE30E9F1EE31BEB00575B4F /* Build configuration list for PBXProject "NavigationProject" */ = {
			isa = XCConfigurationList;
			buildConfigurations = (
				DEE30EB91EE31BEB00575B4F /* Debug */,
				DEE30EBA1EE31BEB00575B4F /* Release */,
			);
			defaultConfigurationIsVisible = 0;
			defaultConfigurationName = Release;
		};
		DEE30EBB1EE31BEB00575B4F /* Build configuration list for PBXNativeTarget "NavigationProject" */ = {
			isa = XCConfigurationList;
			buildConfigurations = (
				DEE30EBC1EE31BEB00575B4F /* Debug */,
				DEE30EBD1EE31BEB00575B4F /* Release */,
			);
			defaultConfigurationIsVisible = 0;
		};
/* End XCConfigurationList section */
	};
	rootObject = DEE30E9C1EE31BEB00575B4F /* Project object */;
}
