// !$*UTF8*$!
{
	archiveVersion = 1;
	classes = {
	};
	objectVersion = 46;
	objects = {

/* Begin PBXBuildFile section */
		9CF0144E1EE04F6200BAABD9 /* main.m in Sources */ = {isa = PBXBuildFile; fileRef = 9CF0144D1EE04F6200BAABD9 /* main.m */; };
		9CF014511EE04F6200BAABD9 /* AppDelegate.m in Sources */ = {isa = PBXBuildFile; fileRef = 9CF014501EE04F6200BAABD9 /* AppDelegate.m */; };
		9CF014571EE04F6200BAABD9 /* Main.storyboard in Resources */ = {isa = PBXBuildFile; fileRef = 9CF014551EE04F6200BAABD9 /* Main.storyboard */; };
		9CF014591EE04F6200BAABD9 /* Assets.xcassets in Resources */ = {isa = PBXBuildFile; fileRef = 9CF014581EE04F6200BAABD9 /* Assets.xcassets */; };
		9CF0145C1EE04F6200BAABD9 /* LaunchScreen.storyboard in Resources */ = {isa = PBXBuildFile; fileRef = 9CF0145A1EE04F6200BAABD9 /* LaunchScreen.storyboard */; };
		9CF014651EE04F9500BAABD9 /* TableViewController.m in Sources */ = {isa = PBXBuildFile; fileRef = 9CF014641EE04F9500BAABD9 /* TableViewController.m */; };
/* End PBXBuildFile section */

/* Begin PBXFileReference section */
		9CF014491EE04F6200BAABD9 /* TableView_Me.app */ = {isa = PBXFileReference; explicitFileType = wrapper.application; includeInIndex = 0; path = TableView_Me.app; sourceTree = BUILT_PRODUCTS_DIR; };
		9CF0144D1EE04F6200BAABD9 /* main.m */ = {isa = PBXFileReference; lastKnownFileType = sourcecode.c.objc; path = main.m; sourceTree = "<group>"; };
		9CF0144F1EE04F6200BAABD9 /* AppDelegate.h */ = {isa = PBXFileReference; lastKnownFileType = sourcecode.c.h; path = AppDelegate.h; sourceTree = "<group>"; };
		9CF014501EE04F6200BAABD9 /* AppDelegate.m */ = {isa = PBXFileReference; lastKnownFileType = sourcecode.c.objc; path = AppDelegate.m; sourceTree = "<group>"; };
		9CF014561EE04F6200BAABD9 /* Base */ = {isa = PBXFileReference; lastKnownFileType = file.storyboard; name = Base; path = Base.lproj/Main.storyboard; sourceTree = "<group>"; };
		9CF014581EE04F6200BAABD9 /* Assets.xcassets */ = {isa = PBXFileReference; lastKnownFileType = folder.assetcatalog; path = Assets.xcassets; sourceTree = "<group>"; };
		9CF0145B1EE04F6200BAABD9 /* Base */ = {isa = PBXFileReference; lastKnownFileType = file.storyboard; name = Base; path = Base.lproj/LaunchScreen.storyboard; sourceTree = "<group>"; };
		9CF0145D1EE04F6200BAABD9 /* Info.plist */ = {isa = PBXFileReference; lastKnownFileType = text.plist.xml; path = Info.plist; sourceTree = "<group>"; };
		9CF014631EE04F9500BAABD9 /* TableViewController.h */ = {isa = PBXFileReference; fileEncoding = 4; lastKnownFileType = sourcecode.c.h; path = TableViewController.h; sourceTree = "<group>"; };
		9CF014641EE04F9500BAABD9 /* TableViewController.m */ = {isa = PBXFileReference; fileEncoding = 4; lastKnownFileType = sourcecode.c.objc; path = TableViewController.m; sourceTree = "<group>"; };
/* End PBXFileReference section */

/* Begin PBXFrameworksBuildPhase section */
		9CF014461EE04F6200BAABD9 /* Frameworks */ = {
			isa = PBXFrameworksBuildPhase;
			buildActionMask = 2147483647;
			files = (
			);
			runOnlyForDeploymentPostprocessing = 0;
		};
/* End PBXFrameworksBuildPhase section */

/* Begin PBXGroup section */
		9CF014401EE04F6200BAABD9 = {
			isa = PBXGroup;
			children = (
				9CF0144B1EE04F6200BAABD9 /* TableView_Me */,
				9CF0144A1EE04F6200BAABD9 /* Products */,
			);
			sourceTree = "<group>";
		};
		9CF0144A1EE04F6200BAABD9 /* Products */ = {
			isa = PBXGroup;
			children = (
				9CF014491EE04F6200BAABD9 /* TableView_Me.app */,
			);
			name = Products;
			sourceTree = "<group>";
		};
		9CF0144B1EE04F6200BAABD9 /* TableView_Me */ = {
			isa = PBXGroup;
			children = (
				9CF0144F1EE04F6200BAABD9 /* AppDelegate.h */,
				9CF014501EE04F6200BAABD9 /* AppDelegate.m */,
				9CF014551EE04F6200BAABD9 /* Main.storyboard */,
				9CF014581EE04F6200BAABD9 /* Assets.xcassets */,
				9CF0145A1EE04F6200BAABD9 /* LaunchScreen.storyboard */,
				9CF0145D1EE04F6200BAABD9 /* Info.plist */,
				9CF0144C1EE04F6200BAABD9 /* Supporting Files */,
				9CF014631EE04F9500BAABD9 /* TableViewController.h */,
				9CF014641EE04F9500BAABD9 /* TableViewController.m */,
			);
			path = TableView_Me;
			sourceTree = "<group>";
		};
		9CF0144C1EE04F6200BAABD9 /* Supporting Files */ = {
			isa = PBXGroup;
			children = (
				9CF0144D1EE04F6200BAABD9 /* main.m */,
			);
			name = "Supporting Files";
			sourceTree = "<group>";
		};
/* End PBXGroup section */

/* Begin PBXNativeTarget section */
		9CF014481EE04F6200BAABD9 /* TableView_Me */ = {
			isa = PBXNativeTarget;
			buildConfigurationList = 9CF014601EE04F6200BAABD9 /* Build configuration list for PBXNativeTarget "TableView_Me" */;
			buildPhases = (
				9CF014451EE04F6200BAABD9 /* Sources */,
				9CF014461EE04F6200BAABD9 /* Frameworks */,
				9CF014471EE04F6200BAABD9 /* Resources */,
			);
			buildRules = (
			);
			dependencies = (
			);
			name = TableView_Me;
			productName = TableView_Me;
			productReference = 9CF014491EE04F6200BAABD9 /* TableView_Me.app */;
			productType = "com.apple.product-type.application";
		};
/* End PBXNativeTarget section */

/* Begin PBXProject section */
		9CF014411EE04F6200BAABD9 /* Project object */ = {
			isa = PBXProject;
			attributes = {
				LastUpgradeCheck = 0830;
				ORGANIZATIONNAME = SharePlus;
				TargetAttributes = {
					9CF014481EE04F6200BAABD9 = {
						CreatedOnToolsVersion = 8.3.2;
						DevelopmentTeam = DM75VG4BJ5;
						ProvisioningStyle = Automatic;
					};
				};
			};
			buildConfigurationList = 9CF014441EE04F6200BAABD9 /* Build configuration list for PBXProject "TableView_Me" */;
			compatibilityVersion = "Xcode 3.2";
			developmentRegion = English;
			hasScannedForEncodings = 0;
			knownRegions = (
				en,
				Base,
			);
			mainGroup = 9CF014401EE04F6200BAABD9;
			productRefGroup = 9CF0144A1EE04F6200BAABD9 /* Products */;
			projectDirPath = "";
			projectRoot = "";
			targets = (
				9CF014481EE04F6200BAABD9 /* TableView_Me */,
			);
		};
/* End PBXProject section */

/* Begin PBXResourcesBuildPhase section */
		9CF014471EE04F6200BAABD9 /* Resources */ = {
			isa = PBXResourcesBuildPhase;
			buildActionMask = 2147483647;
			files = (
				9CF0145C1EE04F6200BAABD9 /* LaunchScreen.storyboard in Resources */,
				9CF014591EE04F6200BAABD9 /* Assets.xcassets in Resources */,
				9CF014571EE04F6200BAABD9 /* Main.storyboard in Resources */,
			);
			runOnlyForDeploymentPostprocessing = 0;
		};
/* End PBXResourcesBuildPhase section */

/* Begin PBXSourcesBuildPhase section */
		9CF014451EE04F6200BAABD9 /* Sources */ = {
			isa = PBXSourcesBuildPhase;
			buildActionMask = 2147483647;
			files = (
				9CF014511EE04F6200BAABD9 /* AppDelegate.m in Sources */,
				9CF0144E1EE04F6200BAABD9 /* main.m in Sources */,
				9CF014651EE04F9500BAABD9 /* TableViewController.m in Sources */,
			);
			runOnlyForDeploymentPostprocessing = 0;
		};
/* End PBXSourcesBuildPhase section */

/* Begin PBXVariantGroup section */
		9CF014551EE04F6200BAABD9 /* Main.storyboard */ = {
			isa = PBXVariantGroup;
			children = (
				9CF014561EE04F6200BAABD9 /* Base */,
			);
			name = Main.storyboard;
			sourceTree = "<group>";
		};
		9CF0145A1EE04F6200BAABD9 /* LaunchScreen.storyboard */ = {
			isa = PBXVariantGroup;
			children = (
				9CF0145B1EE04F6200BAABD9 /* Base */,
			);
			name = LaunchScreen.storyboard;
			sourceTree = "<group>";
		};
/* End PBXVariantGroup section */

/* Begin XCBuildConfiguration section */
		9CF0145E1EE04F6200BAABD9 /* Debug */ = {
			isa = XCBuildConfiguration;
			buildSettings = {
				ALWAYS_SEARCH_USER_PATHS = NO;
				CLANG_ANALYZER_NONNULL = YES;
				CLANG_ANALYZER_NUMBER_OBJECT_CONVERSION = YES_AGGRESSIVE;
				CLANG_CXX_LANGUAGE_STANDARD = "gnu++0x";
				CLANG_CXX_LIBRARY = "libc++";
				CLANG_ENABLE_MODULES = YES;
				CLANG_ENABLE_OBJC_ARC = YES;
				CLANG_WARN_BOOL_CONVERSION = YES;
				CLANG_WARN_CONSTANT_CONVERSION = YES;
				CLANG_WARN_DIRECT_OBJC_ISA_USAGE = YES_ERROR;
				CLANG_WARN_DOCUMENTATION_COMMENTS = YES;
				CLANG_WARN_EMPTY_BODY = YES;
				CLANG_WARN_ENUM_CONVERSION = YES;
				CLANG_WARN_INFINITE_RECURSION = YES;
				CLANG_WARN_INT_CONVERSION = YES;
				CLANG_WARN_OBJC_ROOT_CLASS = YES_ERROR;
				CLANG_WARN_SUSPICIOUS_MOVE = YES;
				CLANG_WARN_UNREACHABLE_CODE = YES;
				CLANG_WARN__DUPLICATE_METHOD_MATCH = YES;
				"CODE_SIGN_IDENTITY[sdk=iphoneos*]" = "iPhone Developer";
				COPY_PHASE_STRIP = NO;
				DEBUG_INFORMATION_FORMAT = dwarf;
				ENABLE_STRICT_OBJC_MSGSEND = YES;
				ENABLE_TESTABILITY = YES;
				GCC_C_LANGUAGE_STANDARD = gnu99;
				GCC_DYNAMIC_NO_PIC = NO;
				GCC_NO_COMMON_BLOCKS = YES;
				GCC_OPTIMIZATION_LEVEL = 0;
				GCC_PREPROCESSOR_DEFINITIONS = (
					"DEBUG=1",
					"$(inherited)",
				);
				GCC_WARN_64_TO_32_BIT_CONVERSION = YES;
				GCC_WARN_ABOUT_RETURN_TYPE = YES_ERROR;
				GCC_WARN_UNDECLARED_SELECTOR = YES;
				GCC_WARN_UNINITIALIZED_AUTOS = YES_AGGRESSIVE;
				GCC_WARN_UNUSED_FUNCTION = YES;
				GCC_WARN_UNUSED_VARIABLE = YES;
				IPHONEOS_DEPLOYMENT_TARGET = 10.3;
				MTL_ENABLE_DEBUG_INFO = YES;
				ONLY_ACTIVE_ARCH = YES;
				SDKROOT = iphoneos;
			};
			name = Debug;
		};
		9CF0145F1EE04F6200BAABD9 /* Release */ = {
			isa = XCBuildConfiguration;
			buildSettings = {
				ALWAYS_SEARCH_USER_PATHS = NO;
				CLANG_ANALYZER_NONNULL = YES;
				CLANG_ANALYZER_NUMBER_OBJECT_CONVERSION = YES_AGGRESSIVE;
				CLANG_CXX_LANGUAGE_STANDARD = "gnu++0x";
				CLANG_CXX_LIBRARY = "libc++";
				CLANG_ENABLE_MODULES = YES;
				CLANG_ENABLE_OBJC_ARC = YES;
				CLANG_WARN_BOOL_CONVERSION = YES;
				CLANG_WARN_CONSTANT_CONVERSION = YES;
				CLANG_WARN_DIRECT_OBJC_ISA_USAGE = YES_ERROR;
				CLANG_WARN_DOCUMENTATION_COMMENTS = YES;
				CLANG_WARN_EMPTY_BODY = YES;
				CLANG_WARN_ENUM_CONVERSION = YES;
				CLANG_WARN_INFINITE_RECURSION = YES;
				CLANG_WARN_INT_CONVERSION = YES;
				CLANG_WARN_OBJC_ROOT_CLASS = YES_ERROR;
				CLANG_WARN_SUSPICIOUS_MOVE = YES;
				CLANG_WARN_UNREACHABLE_CODE = YES;
				CLANG_WARN__DUPLICATE_METHOD_MATCH = YES;
				"CODE_SIGN_IDENTITY[sdk=iphoneos*]" = "iPhone Developer";
				COPY_PHASE_STRIP = NO;
				DEBUG_INFORMATION_FORMAT = "dwarf-with-dsym";
				ENABLE_NS_ASSERTIONS = NO;
				ENABLE_STRICT_OBJC_MSGSEND = YES;
				GCC_C_LANGUAGE_STANDARD = gnu99;
				GCC_NO_COMMON_BLOCKS = YES;
				GCC_WARN_64_TO_32_BIT_CONVERSION = YES;
				GCC_WARN_ABOUT_RETURN_TYPE = YES_ERROR;
				GCC_WARN_UNDECLARED_SELECTOR = YES;
				GCC_WARN_UNINITIALIZED_AUTOS = YES_AGGRESSIVE;
				GCC_WARN_UNUSED_FUNCTION = YES;
				GCC_WARN_UNUSED_VARIABLE = YES;
				IPHONEOS_DEPLOYMENT_TARGET = 10.3;
				MTL_ENABLE_DEBUG_INFO = NO;
				SDKROOT = iphoneos;
				VALIDATE_PRODUCT = YES;
			};
			name = Release;
		};
		9CF014611EE04F6200BAABD9 /* Debug */ = {
			isa = XCBuildConfiguration;
			buildSettings = {
				ASSETCATALOG_COMPILER_APPICON_NAME = AppIcon;
				DEVELOPMENT_TEAM = DM75VG4BJ5;
				INFOPLIST_FILE = TableView_Me/Info.plist;
				LD_RUNPATH_SEARCH_PATHS = "$(inherited) @executable_path/Frameworks";
				PRODUCT_BUNDLE_IDENTIFIER = "com.fxj2017.app.TableView-Me";
				PRODUCT_NAME = "$(TARGET_NAME)";
			};
			name = Debug;
		};
		9CF014621EE04F6200BAABD9 /* Release */ = {
			isa = XCBuildConfiguration;
			buildSettings = {
				ASSETCATALOG_COMPILER_APPICON_NAME = AppIcon;
				DEVELOPMENT_TEAM = DM75VG4BJ5;
				INFOPLIST_FILE = TableView_Me/Info.plist;
				LD_RUNPATH_SEARCH_PATHS = "$(inherited) @executable_path/Frameworks";
				PRODUCT_BUNDLE_IDENTIFIER = "com.fxj2017.app.TableView-Me";
				PRODUCT_NAME = "$(TARGET_NAME)";
			};
			name = Release;
		};
/* End XCBuildConfiguration section */

/* Begin XCConfigurationList section */
		9CF014441EE04F6200BAABD9 /* Build configuration list for PBXProject "TableView_Me" */ = {
			isa = XCConfigurationList;
			buildConfigurations = (
				9CF0145E1EE04F6200BAABD9 /* Debug */,
				9CF0145F1EE04F6200BAABD9 /* Release */,
			);
			defaultConfigurationIsVisible = 0;
			defaultConfigurationName = Release;
		};
		9CF014601EE04F6200BAABD9 /* Build configuration list for PBXNativeTarget "TableView_Me" */ = {
			isa = XCConfigurationList;
			buildConfigurations = (
				9CF014611EE04F6200BAABD9 /* Debug */,
				9CF014621EE04F6200BAABD9 /* Release */,
			);
			defaultConfigurationIsVisible = 0;
		};
/* End XCConfigurationList section */
	};
	rootObject = 9CF014411EE04F6200BAABD9 /* Project object */;
}
